
Microsoft Visual Studio Solution File, Format Version 12.00
# Visual Studio Version 17
VisualStudioVersion = 17.8.34408.163
MinimumVisualStudioVersion = 10.0.40219.1
Project("{9A19103F-16F7-4668-BE54-9A1E7A4F7556}") = "FirstApp", "FirstApp\FirstApp.csproj", "{1807D362-95EB-405F-939D-2C93D645C459}"
EndProject
Project("{9A19103F-16F7-4668-BE54-9A1E7A4F7556}") = "Controls", "Controls\Controls.csproj", "{A35804E9-6A0B-4D09-A001-BC3676FCF0EA}"
EndProject
Project("{9A19103F-16F7-4668-BE54-9A1E7A4F7556}") = "Binding", "Binding\Binding.csproj", "{67B64F08-59D2-4F0F-A396-06E3041ED51A}"
EndProject
Project("{9A19103F-16F7-4668-BE54-9A1E7A4F7556}") = "Triggers", "Triggers\Triggers.csproj", "{5B850BE3-F8E8-49F3-B2E3-256340CEA753}"
EndProject
Project("{FAE04EC0-301F-11D3-BF4B-00C04F79EFBC}") = "DynamicView", "DynamicView\DynamicView.csproj", "{7D77AE02-C5DD-4E5E-AE2E-7BA70A4C705F}"
EndProject
Global
	GlobalSection(SolutionConfigurationPlatforms) = preSolution
		Debug|Any CPU = Debug|Any CPU
		Release|Any CPU = Release|Any CPU
	EndGlobalSection
	GlobalSection(ProjectConfigurationPlatforms) = postSolution
		{1807D362-95EB-405F-939D-2C93D645C459}.Debug|Any CPU.ActiveCfg = Debug|Any CPU
		{1807D362-95EB-405F-939D-2C93D645C459}.Debug|Any CPU.Build.0 = Debug|Any CPU
		{1807D362-95EB-405F-939D-2C93D645C459}.Debug|Any CPU.Deploy.0 = Debug|Any CPU
		{1807D362-95EB-405F-939D-2C93D645C459}.Release|Any CPU.ActiveCfg = Release|Any CPU
		{1807D362-95EB-405F-939D-2C93D645C459}.Release|Any CPU.Build.0 = Release|Any CPU
		{1807D362-95EB-405F-939D-2C93D645C459}.Release|Any CPU.Deploy.0 = Release|Any CPU
		{A35804E9-6A0B-4D09-A001-BC3676FCF0EA}.Debug|Any CPU.ActiveCfg = Debug|Any CPU
		{A35804E9-6A0B-4D09-A001-BC3676FCF0EA}.Debug|Any CPU.Build.0 = Debug|Any CPU
		{A35804E9-6A0B-4D09-A001-BC3676FCF0EA}.Debug|Any CPU.Deploy.0 = Debug|Any CPU
		{A35804E9-6A0B-4D09-A001-BC3676FCF0EA}.Release|Any CPU.ActiveCfg = Release|Any CPU
		{A35804E9-6A0B-4D09-A001-BC3676FCF0EA}.Release|Any CPU.Build.0 = Release|Any CPU
		{A35804E9-6A0B-4D09-A001-BC3676FCF0EA}.Release|Any CPU.Deploy.0 = Release|Any CPU
		{67B64F08-59D2-4F0F-A396-06E3041ED51A}.Debug|Any CPU.ActiveCfg = Debug|Any CPU
		{67B64F08-59D2-4F0F-A396-06E3041ED51A}.Debug|Any CPU.Build.0 = Debug|Any CPU
		{67B64F08-59D2-4F0F-A396-06E3041ED51A}.Debug|Any CPU.Deploy.0 = Debug|Any CPU
		{67B64F08-59D2-4F0F-A396-06E3041ED51A}.Release|Any CPU.ActiveCfg = Release|Any CPU
		{67B64F08-59D2-4F0F-A396-06E3041ED51A}.Release|Any CPU.Build.0 = Release|Any CPU
		{67B64F08-59D2-4F0F-A396-06E3041ED51A}.Release|Any CPU.Deploy.0 = Release|Any CPU
		{5B850BE3-F8E8-49F3-B2E3-256340CEA753}.Debug|Any CPU.ActiveCfg = Debug|Any CPU
		{5B850BE3-F8E8-49F3-B2E3-256340CEA753}.Debug|Any CPU.Build.0 = Debug|Any CPU
		{5B850BE3-F8E8-49F3-B2E3-256340CEA753}.Debug|Any CPU.Deploy.0 = Debug|Any CPU
		{5B850BE3-F8E8-49F3-B2E3-256340CEA753}.Release|Any CPU.ActiveCfg = Release|Any CPU
		{5B850BE3-F8E8-49F3-B2E3-256340CEA753}.Release|Any CPU.Build.0 = Release|Any CPU
		{5B850BE3-F8E8-49F3-B2E3-256340CEA753}.Release|Any CPU.Deploy.0 = Release|Any CPU
		{7D77AE02-C5DD-4E5E-AE2E-7BA70A4C705F}.Debug|Any CPU.ActiveCfg = Debug|Any CPU
		{7D77AE02-C5DD-4E5E-AE2E-7BA70A4C705F}.Debug|Any CPU.Build.0 = Debug|Any CPU
		{7D77AE02-C5DD-4E5E-AE2E-7BA70A4C705F}.Debug|Any CPU.Deploy.0 = Debug|Any CPU
		{7D77AE02-C5DD-4E5E-AE2E-7BA70A4C705F}.Release|Any CPU.ActiveCfg = Release|Any CPU
		{7D77AE02-C5DD-4E5E-AE2E-7BA70A4C705F}.Release|Any CPU.Build.0 = Release|Any CPU
		{7D77AE02-C5DD-4E5E-AE2E-7BA70A4C705F}.Release|Any CPU.Deploy.0 = Release|Any CPU
	EndGlobalSection
	GlobalSection(SolutionProperties) = preSolution
		HideSolutionNode = FALSE
	EndGlobalSection
	GlobalSection(ExtensibilityGlobals) = postSolution
		SolutionGuid = {E372DFAD-44C6-4956-AD8F-672F565253D9}
	EndGlobalSection
EndGlobal
