
Microsoft Visual Studio Solution File, Format Version 12.00
# Visual Studio Version 17
VisualStudioVersion = 17.5.002.0
MinimumVisualStudioVersion = 10.0.40219.1
Project("{9A19103F-16F7-4668-BE54-9A1E7A4F7556}") = "Task", "Task.csproj", "{B87A5FC0-DBBB-430B-AE27-5732B7262732}"
EndProject
Global
	GlobalSection(SolutionConfigurationPlatforms) = preSolution
		Debug|Any CPU = Debug|Any CPU
		Release|Any CPU = Release|Any CPU
	EndGlobalSection
	GlobalSection(ProjectConfigurationPlatforms) = postSolution
		{B87A5FC0-DBBB-430B-AE27-5732B7262732}.Debug|Any CPU.ActiveCfg = Debug|Any CPU
		{B87A5FC0-DBBB-430B-AE27-5732B7262732}.Debug|Any CPU.Build.0 = Debug|Any CPU
		{B87A5FC0-DBBB-430B-AE27-5732B7262732}.Release|Any CPU.ActiveCfg = Release|Any CPU
		{B87A5FC0-DBBB-430B-AE27-5732B7262732}.Release|Any CPU.Build.0 = Release|Any CPU
	EndGlobalSection
	GlobalSection(SolutionProperties) = preSolution
		HideSolutionNode = FALSE
	EndGlobalSection
	GlobalSection(ExtensibilityGlobals) = postSolution
		SolutionGuid = {29C0AD46-5516-458C-8F3B-2B2914F4BF4C}
	EndGlobalSection
EndGlobal
