
Microsoft Visual Studio Solution File, Format Version 12.00
# Visual Studio Version 17
VisualStudioVersion = 17.5.002.0
MinimumVisualStudioVersion = 10.0.40219.1
Project("{9A19103F-16F7-4668-BE54-9A1E7A4F7556}") = "Ruined", "Ruined.csproj", "{DDA0D991-8557-4566-BC56-4C693647C26C}"
EndProject
Global
	GlobalSection(SolutionConfigurationPlatforms) = preSolution
		Debug|Any CPU = Debug|Any CPU
		Release|Any CPU = Release|Any CPU
	EndGlobalSection
	GlobalSection(ProjectConfigurationPlatforms) = postSolution
		{DDA0D991-8557-4566-BC56-4C693647C26C}.Debug|Any CPU.ActiveCfg = Debug|Any CPU
		{DDA0D991-8557-4566-BC56-4C693647C26C}.Debug|Any CPU.Build.0 = Debug|Any CPU
		{DDA0D991-8557-4566-BC56-4C693647C26C}.Release|Any CPU.ActiveCfg = Release|Any CPU
		{DDA0D991-8557-4566-BC56-4C693647C26C}.Release|Any CPU.Build.0 = Release|Any CPU
	EndGlobalSection
	GlobalSection(SolutionProperties) = preSolution
		HideSolutionNode = FALSE
	EndGlobalSection
	GlobalSection(ExtensibilityGlobals) = postSolution
		SolutionGuid = {BAB66FDD-C78C-45FB-A620-A5CBA1D62DB5}
	EndGlobalSection
EndGlobal
