
Microsoft Visual Studio Solution File, Format Version 12.00
# Visual Studio Version 17
VisualStudioVersion = 17.5.002.0
MinimumVisualStudioVersion = 10.0.40219.1
Project("{9A19103F-16F7-4668-BE54-9A1E7A4F7556}") = "EventHandlers", "EventHandlers.csproj", "{27A0895E-9103-419F-B661-B9A86A5FDADB}"
EndProject
Global
	GlobalSection(SolutionConfigurationPlatforms) = preSolution
		Debug|Any CPU = Debug|Any CPU
		Release|Any CPU = Release|Any CPU
	EndGlobalSection
	GlobalSection(ProjectConfigurationPlatforms) = postSolution
		{27A0895E-9103-419F-B661-B9A86A5FDADB}.Debug|Any CPU.ActiveCfg = Debug|Any CPU
		{27A0895E-9103-419F-B661-B9A86A5FDADB}.Debug|Any CPU.Build.0 = Debug|Any CPU
		{27A0895E-9103-419F-B661-B9A86A5FDADB}.Release|Any CPU.ActiveCfg = Release|Any CPU
		{27A0895E-9103-419F-B661-B9A86A5FDADB}.Release|Any CPU.Build.0 = Release|Any CPU
	EndGlobalSection
	GlobalSection(SolutionProperties) = preSolution
		HideSolutionNode = FALSE
	EndGlobalSection
	GlobalSection(ExtensibilityGlobals) = postSolution
		SolutionGuid = {3B571E2A-5076-4956-9E18-C5F407F4E14A}
	EndGlobalSection
EndGlobal
