
Microsoft Visual Studio Solution File, Format Version 12.00
# Visual Studio Version 17
VisualStudioVersion = 17.5.002.0
MinimumVisualStudioVersion = 10.0.40219.1
Project("{9A19103F-16F7-4668-BE54-9A1E7A4F7556}") = "GetNetVersion", "GetNetVersion.csproj", "{1A466796-6D98-4B8A-AB03-840EC953775B}"
EndProject
Global
	GlobalSection(SolutionConfigurationPlatforms) = preSolution
		Debug|Any CPU = Debug|Any CPU
		Release|Any CPU = Release|Any CPU
	EndGlobalSection
	GlobalSection(ProjectConfigurationPlatforms) = postSolution
		{1A466796-6D98-4B8A-AB03-840EC953775B}.Debug|Any CPU.ActiveCfg = Debug|Any CPU
		{1A466796-6D98-4B8A-AB03-840EC953775B}.Debug|Any CPU.Build.0 = Debug|Any CPU
		{1A466796-6D98-4B8A-AB03-840EC953775B}.Release|Any CPU.ActiveCfg = Release|Any CPU
		{1A466796-6D98-4B8A-AB03-840EC953775B}.Release|Any CPU.Build.0 = Release|Any CPU
	EndGlobalSection
	GlobalSection(SolutionProperties) = preSolution
		HideSolutionNode = FALSE
	EndGlobalSection
	GlobalSection(ExtensibilityGlobals) = postSolution
		SolutionGuid = {EB940690-7618-4D80-9D93-BC8C5E2905DD}
	EndGlobalSection
EndGlobal
