
Microsoft Visual Studio Solution File, Format Version 12.00
# Visual Studio Version 17
VisualStudioVersion = 17.5.002.0
MinimumVisualStudioVersion = 10.0.40219.1
Project("{9A19103F-16F7-4668-BE54-9A1E7A4F7556}") = "Lesson1", "Lesson1.csproj", "{FFB09935-CC98-4AC8-839C-1F10379EF5AE}"
EndProject
Global
	GlobalSection(SolutionConfigurationPlatforms) = preSolution
		Debug|Any CPU = Debug|Any CPU
		Release|Any CPU = Release|Any CPU
	EndGlobalSection
	GlobalSection(ProjectConfigurationPlatforms) = postSolution
		{FFB09935-CC98-4AC8-839C-1F10379EF5AE}.Debug|Any CPU.ActiveCfg = Debug|Any CPU
		{FFB09935-CC98-4AC8-839C-1F10379EF5AE}.Debug|Any CPU.Build.0 = Debug|Any CPU
		{FFB09935-CC98-4AC8-839C-1F10379EF5AE}.Release|Any CPU.ActiveCfg = Release|Any CPU
		{FFB09935-CC98-4AC8-839C-1F10379EF5AE}.Release|Any CPU.Build.0 = Release|Any CPU
	EndGlobalSection
	GlobalSection(SolutionProperties) = preSolution
		HideSolutionNode = FALSE
	EndGlobalSection
	GlobalSection(ExtensibilityGlobals) = postSolution
		SolutionGuid = {A19CA2DA-CC67-418B-9C8A-2A9574336AF2}
	EndGlobalSection
EndGlobal
